
Microsoft Visual Studio Solution File, Format Version 12.00
# Visual Studio Version 17
VisualStudioVersion = 17.11.35327.3
MinimumVisualStudioVersion = 10.0.40219.1
Project("{9A19103F-16F7-4668-BE54-9A1E7A4F7556}") = "StargateAPI", "StargateAPI.csproj", "{EBE37722-B3FB-4310-A1E4-B23FE2322B89}"
EndProject
Global
	GlobalSection(SolutionConfigurationPlatforms) = preSolution
		Debug|Any CPU = Debug|Any CPU
		Release|Any CPU = Release|Any CPU
	EndGlobalSection
	GlobalSection(ProjectConfigurationPlatforms) = postSolution
		{EBE37722-B3FB-4310-A1E4-B23FE2322B89}.Debug|Any CPU.ActiveCfg = Debug|Any CPU
		{EBE37722-B3FB-4310-A1E4-B23FE2322B89}.Debug|Any CPU.Build.0 = Debug|Any CPU
		{EBE37722-B3FB-4310-A1E4-B23FE2322B89}.Release|Any CPU.ActiveCfg = Release|Any CPU
		{EBE37722-B3FB-4310-A1E4-B23FE2322B89}.Release|Any CPU.Build.0 = Release|Any CPU
	EndGlobalSection
	GlobalSection(SolutionProperties) = preSolution
		HideSolutionNode = FALSE
	EndGlobalSection
	GlobalSection(ExtensibilityGlobals) = postSolution
		SolutionGuid = {075D8CFB-2101-4C7A-9751-30336DE4E5C3}
	EndGlobalSection
EndGlobal
